github.com/gorilla/mux v1.8.1 h1:TuBL49tXwgrFYWhqrNgrUNEY92u81SPhu7sTdzQEiWY=
github.com/gorilla/mux v1.8.1/go.mod h1:AKf9I4AEqPTmMytcMc0KkNouC66V3BtZ4qD5fmWSiMQ=
github.com/jkeiser/iter v0.0.0-20200628201005-c8aa0ae784d1 h1:smvLGU3obGU5kny71BtE/ibR0wIXRUiRFDmSn0Nxz1E=
github.com/jkeiser/iter v0.0.0-20200628201005-c8aa0ae784d1/go.mod h1:fP/NdyhRVOv09PLRbVXrSqHhrfQypdZwgE2L4h2U5C8=
github.com/jochenvg/go-udev v0.0.0-20240801134859-b65ed646224b h1:Pzf7tldbCVqwl3NnOnTamEWdh/rL41fsoYCn2HdHgRA=
github.com/jochenvg/go-udev v0.0.0-20240801134859-b65ed646224b/go.mod h1:IBDUGq30U56w969YNPomhMbRje1GrhUsCh7tHdwgLXA=
golang.org/x/sys v0.24.0 h1:Twjiwq9dn6R1fQcyiK+wQyHWfaz/BJB+YIpzU/Cv3Xg=
golang.org/x/sys v0.24.0/go.mod h1:/VUhepiaJMQUp4+oa/7Zr1D23ma6VTLIYjOOTFZPUcA=
